// !$*UTF8*$!
{
	archiveVersion = 1;
	classes = {
	};
	objectVersion = 50;
	objects = {

/* Begin PBXBuildFile section */
		8A419C3727FB35B500DF8713 /* NoticiaTableViewCell.swift in Sources */ = {isa = PBXBuildFile; fileRef = 8A419C3527FB35B500DF8713 /* NoticiaTableViewCell.swift */; };
		8A419C3827FB35B500DF8713 /* NoticiaTableViewCell.xib in Resources */ = {isa = PBXBuildFile; fileRef = 8A419C3627FB35B500DF8713 /* NoticiaTableViewCell.xib */; };
		8ACB989B27F4AA870061ED41 /* AppDelegate.swift in Sources */ = {isa = PBXBuildFile; fileRef = 8ACB989A27F4AA870061ED41 /* AppDelegate.swift */; };
		8ACB989D27F4AA870061ED41 /* SceneDelegate.swift in Sources */ = {isa = PBXBuildFile; fileRef = 8ACB989C27F4AA870061ED41 /* SceneDelegate.swift */; };
		8ACB989F27F4AA870061ED41 /* ViewController.swift in Sources */ = {isa = PBXBuildFile; fileRef = 8ACB989E27F4AA870061ED41 /* ViewController.swift */; };
		8ACB98A227F4AA870061ED41 /* Main.storyboard in Resources */ = {isa = PBXBuildFile; fileRef = 8ACB98A027F4AA870061ED41 /* Main.storyboard */; };
		8ACB98A427F4AA900061ED41 /* Assets.xcassets in Resources */ = {isa = PBXBuildFile; fileRef = 8ACB98A327F4AA900061ED41 /* Assets.xcassets */; };
		8ACB98A727F4AA900061ED41 /* LaunchScreen.storyboard in Resources */ = {isa = PBXBuildFile; fileRef = 8ACB98A527F4AA900061ED41 /* LaunchScreen.storyboard */; };
		8AFD3EF927F7545E0010DE7A /* noticiasData.swift in Sources */ = {isa = PBXBuildFile; fileRef = 8AFD3EF827F7545E0010DE7A /* noticiasData.swift */; };
/* End PBXBuildFile section */

/* Begin PBXFileReference section */
		8A419C3527FB35B500DF8713 /* NoticiaTableViewCell.swift */ = {isa = PBXFileReference; lastKnownFileType = sourcecode.swift; path = NoticiaTableViewCell.swift; sourceTree = "<group>"; };
		8A419C3627FB35B500DF8713 /* NoticiaTableViewCell.xib */ = {isa = PBXFileReference; lastKnownFileType = file.xib; path = NoticiaTableViewCell.xib; sourceTree = "<group>"; };
		8ACB989727F4AA870061ED41 /* Noticia.app */ = {isa = PBXFileReference; explicitFileType = wrapper.application; includeInIndex = 0; path = Noticia.app; sourceTree = BUILT_PRODUCTS_DIR; };
		8ACB989A27F4AA870061ED41 /* AppDelegate.swift */ = {isa = PBXFileReference; lastKnownFileType = sourcecode.swift; path = AppDelegate.swift; sourceTree = "<group>"; };
		8ACB989C27F4AA870061ED41 /* SceneDelegate.swift */ = {isa = PBXFileReference; lastKnownFileType = sourcecode.swift; path = SceneDelegate.swift; sourceTree = "<group>"; };
		8ACB989E27F4AA870061ED41 /* ViewController.swift */ = {isa = PBXFileReference; lastKnownFileType = sourcecode.swift; path = ViewController.swift; sourceTree = "<group>"; };
		8ACB98A127F4AA870061ED41 /* Base */ = {isa = PBXFileReference; lastKnownFileType = file.storyboard; name = Base; path = Base.lproj/Main.storyboard; sourceTree = "<group>"; };
		8ACB98A327F4AA900061ED41 /* Assets.xcassets */ = {isa = PBXFileReference; lastKnownFileType = folder.assetcatalog; path = Assets.xcassets; sourceTree = "<group>"; };
		8ACB98A627F4AA900061ED41 /* Base */ = {isa = PBXFileReference; lastKnownFileType = file.storyboard; name = Base; path = Base.lproj/LaunchScreen.storyboard; sourceTree = "<group>"; };
		8ACB98A827F4AA900061ED41 /* Info.plist */ = {isa = PBXFileReference; lastKnownFileType = text.plist.xml; path = Info.plist; sourceTree = "<group>"; };
		8AFD3EF827F7545E0010DE7A /* noticiasData.swift */ = {isa = PBXFileReference; lastKnownFileType = sourcecode.swift; path = noticiasData.swift; sourceTree = "<group>"; };
/* End PBXFileReference section */

/* Begin PBXFrameworksBuildPhase section */
		8ACB989427F4AA870061ED41 /* Frameworks */ = {
			isa = PBXFrameworksBuildPhase;
			buildActionMask = 2147483647;
			files = (
			);
			runOnlyForDeploymentPostprocessing = 0;
		};
/* End PBXFrameworksBuildPhase section */

/* Begin PBXGroup section */
		8ACB988E27F4AA870061ED41 = {
			isa = PBXGroup;
			children = (
				8ACB989927F4AA870061ED41 /* Noticia */,
				8ACB989827F4AA870061ED41 /* Products */,
			);
			sourceTree = "<group>";
		};
		8ACB989827F4AA870061ED41 /* Products */ = {
			isa = PBXGroup;
			children = (
				8ACB989727F4AA870061ED41 /* Noticia.app */,
			);
			name = Products;
			sourceTree = "<group>";
		};
		8ACB989927F4AA870061ED41 /* Noticia */ = {
			isa = PBXGroup;
			children = (
				8ACB989A27F4AA870061ED41 /* AppDelegate.swift */,
				8ACB989C27F4AA870061ED41 /* SceneDelegate.swift */,
				8ACB989E27F4AA870061ED41 /* ViewController.swift */,
				8ACB98A027F4AA870061ED41 /* Main.storyboard */,
				8ACB98A327F4AA900061ED41 /* Assets.xcassets */,
				8ACB98A527F4AA900061ED41 /* LaunchScreen.storyboard */,
				8ACB98A827F4AA900061ED41 /* Info.plist */,
				8AFD3EF827F7545E0010DE7A /* noticiasData.swift */,
				8A419C3527FB35B500DF8713 /* NoticiaTableViewCell.swift */,
				8A419C3627FB35B500DF8713 /* NoticiaTableViewCell.xib */,
			);
			path = Noticia;
			sourceTree = "<group>";
		};
/* End PBXGroup section */

/* Begin PBXNativeTarget section */
		8ACB989627F4AA870061ED41 /* Noticia */ = {
			isa = PBXNativeTarget;
			buildConfigurationList = 8ACB98AB27F4AA900061ED41 /* Build configuration list for PBXNativeTarget "Noticia" */;
			buildPhases = (
				8ACB989327F4AA870061ED41 /* Sources */,
				8ACB989427F4AA870061ED41 /* Frameworks */,
				8ACB989527F4AA870061ED41 /* Resources */,
			);
			buildRules = (
			);
			dependencies = (
			);
			name = Noticia;
			productName = Noticia;
			productReference = 8ACB989727F4AA870061ED41 /* Noticia.app */;
			productType = "com.apple.product-type.application";
		};
/* End PBXNativeTarget section */

/* Begin PBXProject section */
		8ACB988F27F4AA870061ED41 /* Project object */ = {
			isa = PBXProject;
			attributes = {
				LastSwiftUpdateCheck = 1240;
				LastUpgradeCheck = 1240;
				TargetAttributes = {
					8ACB989627F4AA870061ED41 = {
						CreatedOnToolsVersion = 12.4;
					};
				};
			};
			buildConfigurationList = 8ACB989227F4AA870061ED41 /* Build configuration list for PBXProject "Noticia" */;
			compatibilityVersion = "Xcode 9.3";
			developmentRegion = en;
			hasScannedForEncodings = 0;
			knownRegions = (
				en,
				Base,
			);
			mainGroup = 8ACB988E27F4AA870061ED41;
			productRefGroup = 8ACB989827F4AA870061ED41 /* Products */;
			projectDirPath = "";
			projectRoot = "";
			targets = (
				8ACB989627F4AA870061ED41 /* Noticia */,
			);
		};
/* End PBXProject section */

/* Begin PBXResourcesBuildPhase section */
		8ACB989527F4AA870061ED41 /* Resources */ = {
			isa = PBXResourcesBuildPhase;
			buildActionMask = 2147483647;
			files = (
				8ACB98A727F4AA900061ED41 /* LaunchScreen.storyboard in Resources */,
				8ACB98A427F4AA900061ED41 /* Assets.xcassets in Resources */,
				8ACB98A227F4AA870061ED41 /* Main.storyboard in Resources */,
				8A419C3827FB35B500DF8713 /* NoticiaTableViewCell.xib in Resources */,
			);
			runOnlyForDeploymentPostprocessing = 0;
		};
/* End PBXResourcesBuildPhase section */

/* Begin PBXSourcesBuildPhase section */
		8ACB989327F4AA870061ED41 /* Sources */ = {
			isa = PBXSourcesBuildPhase;
			buildActionMask = 2147483647;
			files = (
				8A419C3727FB35B500DF8713 /* NoticiaTableViewCell.swift in Sources */,
				8ACB989F27F4AA870061ED41 /* ViewController.swift in Sources */,
				8AFD3EF927F7545E0010DE7A /* noticiasData.swift in Sources */,
				8ACB989B27F4AA870061ED41 /* AppDelegate.swift in Sources */,
				8ACB989D27F4AA870061ED41 /* SceneDelegate.swift in Sources */,
			);
			runOnlyForDeploymentPostprocessing = 0;
		};
/* End PBXSourcesBuildPhase section */

/* Begin PBXVariantGroup section */
		8ACB98A027F4AA870061ED41 /* Main.storyboard */ = {
			isa = PBXVariantGroup;
			children = (
				8ACB98A127F4AA870061ED41 /* Base */,
			);
			name = Main.storyboard;
			sourceTree = "<group>";
		};
		8ACB98A527F4AA900061ED41 /* LaunchScreen.storyboard */ = {
			isa = PBXVariantGroup;
			children = (
				8ACB98A627F4AA900061ED41 /* Base */,
			);
			name = LaunchScreen.storyboard;
			sourceTree = "<group>";
		};
/* End PBXVariantGroup section */

/* Begin XCBuildConfiguration section */
		8ACB98A927F4AA900061ED41 /* Debug */ = {
			isa = XCBuildConfiguration;
			buildSettings = {
				ALWAYS_SEARCH_USER_PATHS = NO;
				CLANG_ANALYZER_NONNULL = YES;
				CLANG_ANALYZER_NUMBER_OBJECT_CONVERSION = YES_AGGRESSIVE;
				CLANG_CXX_LANGUAGE_STANDARD = "gnu++14";
				CLANG_CXX_LIBRARY = "libc++";
				CLANG_ENABLE_MODULES = YES;
				CLANG_ENABLE_OBJC_ARC = YES;
				CLANG_ENABLE_OBJC_WEAK = YES;
				CLANG_WARN_BLOCK_CAPTURE_AUTORELEASING = YES;
				CLANG_WARN_BOOL_CONVERSION = YES;
				CLANG_WARN_COMMA = YES;
				CLANG_WARN_CONSTANT_CONVERSION = YES;
				CLANG_WARN_DEPRECATED_OBJC_IMPLEMENTATIONS = YES;
				CLANG_WARN_DIRECT_OBJC_ISA_USAGE = YES_ERROR;
				CLANG_WARN_DOCUMENTATION_COMMENTS = YES;
				CLANG_WARN_EMPTY_BODY = YES;
				CLANG_WARN_ENUM_CONVERSION = YES;
				CLANG_WARN_INFINITE_RECURSION = YES;
				CLANG_WARN_INT_CONVERSION = YES;
				CLANG_WARN_NON_LITERAL_NULL_CONVERSION = YES;
				CLANG_WARN_OBJC_IMPLICIT_RETAIN_SELF = YES;
				CLANG_WARN_OBJC_LITERAL_CONVERSION = YES;
				CLANG_WARN_OBJC_ROOT_CLASS = YES_ERROR;
				CLANG_WARN_QUOTED_INCLUDE_IN_FRAMEWORK_HEADER = YES;
				CLANG_WARN_RANGE_LOOP_ANALYSIS = YES;
				CLANG_WARN_STRICT_PROTOTYPES = YES;
				CLANG_WARN_SUSPICIOUS_MOVE = YES;
				CLANG_WARN_UNGUARDED_AVAILABILITY = YES_AGGRESSIVE;
				CLANG_WARN_UNREACHABLE_CODE = YES;
				CLANG_WARN__DUPLICATE_METHOD_MATCH = YES;
				COPY_PHASE_STRIP = NO;
				DEBUG_INFORMATION_FORMAT = dwarf;
				ENABLE_STRICT_OBJC_MSGSEND = YES;
				ENABLE_TESTABILITY = YES;
				GCC_C_LANGUAGE_STANDARD = gnu11;
				GCC_DYNAMIC_NO_PIC = NO;
				GCC_NO_COMMON_BLOCKS = YES;
				GCC_OPTIMIZATION_LEVEL = 0;
				GCC_PREPROCESSOR_DEFINITIONS = (
					"DEBUG=1",
					"$(inherited)",
				);
				GCC_WARN_64_TO_32_BIT_CONVERSION = YES;
				GCC_WARN_ABOUT_RETURN_TYPE = YES_ERROR;
				GCC_WARN_UNDECLARED_SELECTOR = YES;
				GCC_WARN_UNINITIALIZED_AUTOS = YES_AGGRESSIVE;
				GCC_WARN_UNUSED_FUNCTION = YES;
				GCC_WARN_UNUSED_VARIABLE = YES;
				IPHONEOS_DEPLOYMENT_TARGET = 14.4;
				MTL_ENABLE_DEBUG_INFO = INCLUDE_SOURCE;
				MTL_FAST_MATH = YES;
				ONLY_ACTIVE_ARCH = YES;
				SDKROOT = iphoneos;
				SWIFT_ACTIVE_COMPILATION_CONDITIONS = DEBUG;
				SWIFT_OPTIMIZATION_LEVEL = "-Onone";
			};
			name = Debug;
		};
		8ACB98AA27F4AA900061ED41 /* Release */ = {
			isa = XCBuildConfiguration;
			buildSettings = {
				ALWAYS_SEARCH_USER_PATHS = NO;
				CLANG_ANALYZER_NONNULL = YES;
				CLANG_ANALYZER_NUMBER_OBJECT_CONVERSION = YES_AGGRESSIVE;
				CLANG_CXX_LANGUAGE_STANDARD = "gnu++14";
				CLANG_CXX_LIBRARY = "libc++";
				CLANG_ENABLE_MODULES = YES;
				CLANG_ENABLE_OBJC_ARC = YES;
				CLANG_ENABLE_OBJC_WEAK = YES;
				CLANG_WARN_BLOCK_CAPTURE_AUTORELEASING = YES;
				CLANG_WARN_BOOL_CONVERSION = YES;
				CLANG_WARN_COMMA = YES;
				CLANG_WARN_CONSTANT_CONVERSION = YES;
				CLANG_WARN_DEPRECATED_OBJC_IMPLEMENTATIONS = YES;
				CLANG_WARN_DIRECT_OBJC_ISA_USAGE = YES_ERROR;
				CLANG_WARN_DOCUMENTATION_COMMENTS = YES;
				CLANG_WARN_EMPTY_BODY = YES;
				CLANG_WARN_ENUM_CONVERSION = YES;
				CLANG_WARN_INFINITE_RECURSION = YES;
				CLANG_WARN_INT_CONVERSION = YES;
				CLANG_WARN_NON_LITERAL_NULL_CONVERSION = YES;
				CLANG_WARN_OBJC_IMPLICIT_RETAIN_SELF = YES;
				CLANG_WARN_OBJC_LITERAL_CONVERSION = YES;
				CLANG_WARN_OBJC_ROOT_CLASS = YES_ERROR;
				CLANG_WARN_QUOTED_INCLUDE_IN_FRAMEWORK_HEADER = YES;
				CLANG_WARN_RANGE_LOOP_ANALYSIS = YES;
				CLANG_WARN_STRICT_PROTOTYPES = YES;
				CLANG_WARN_SUSPICIOUS_MOVE = YES;
				CLANG_WARN_UNGUARDED_AVAILABILITY = YES_AGGRESSIVE;
				CLANG_WARN_UNREACHABLE_CODE = YES;
				CLANG_WARN__DUPLICATE_METHOD_MATCH = YES;
				COPY_PHASE_STRIP = NO;
				DEBUG_INFORMATION_FORMAT = "dwarf-with-dsym";
				ENABLE_NS_ASSERTIONS = NO;
				ENABLE_STRICT_OBJC_MSGSEND = YES;
				GCC_C_LANGUAGE_STANDARD = gnu11;
				GCC_NO_COMMON_BLOCKS = YES;
				GCC_WARN_64_TO_32_BIT_CONVERSION = YES;
				GCC_WARN_ABOUT_RETURN_TYPE = YES_ERROR;
				GCC_WARN_UNDECLARED_SELECTOR = YES;
				GCC_WARN_UNINITIALIZED_AUTOS = YES_AGGRESSIVE;
				GCC_WARN_UNUSED_FUNCTION = YES;
				GCC_WARN_UNUSED_VARIABLE = YES;
				IPHONEOS_DEPLOYMENT_TARGET = 14.4;
				MTL_ENABLE_DEBUG_INFO = NO;
				MTL_FAST_MATH = YES;
				SDKROOT = iphoneos;
				SWIFT_COMPILATION_MODE = wholemodule;
				SWIFT_OPTIMIZATION_LEVEL = "-O";
				VALIDATE_PRODUCT = YES;
			};
			name = Release;
		};
		8ACB98AC27F4AA900061ED41 /* Debug */ = {
			isa = XCBuildConfiguration;
			buildSettings = {
				ASSETCATALOG_COMPILER_APPICON_NAME = AppIcon;
				ASSETCATALOG_COMPILER_GLOBAL_ACCENT_COLOR_NAME = AccentColor;
				CODE_SIGN_STYLE = Automatic;
				INFOPLIST_FILE = Noticia/Info.plist;
				LD_RUNPATH_SEARCH_PATHS = (
					"$(inherited)",
					"@executable_path/Frameworks",
				);
				PRODUCT_BUNDLE_IDENTIFIER = programacion.movil.Noticia;
				PRODUCT_NAME = "$(TARGET_NAME)";
				SWIFT_VERSION = 5.0;
				TARGETED_DEVICE_FAMILY = "1,2";
			};
			name = Debug;
		};
		8ACB98AD27F4AA900061ED41 /* Release */ = {
			isa = XCBuildConfiguration;
			buildSettings = {
				ASSETCATALOG_COMPILER_APPICON_NAME = AppIcon;
				ASSETCATALOG_COMPILER_GLOBAL_ACCENT_COLOR_NAME = AccentColor;
				CODE_SIGN_STYLE = Automatic;
				INFOPLIST_FILE = Noticia/Info.plist;
				LD_RUNPATH_SEARCH_PATHS = (
					"$(inherited)",
					"@executable_path/Frameworks",
				);
				PRODUCT_BUNDLE_IDENTIFIER = programacion.movil.Noticia;
				PRODUCT_NAME = "$(TARGET_NAME)";
				SWIFT_VERSION = 5.0;
				TARGETED_DEVICE_FAMILY = "1,2";
			};
			name = Release;
		};
/* End XCBuildConfiguration section */

/* Begin XCConfigurationList section */
		8ACB989227F4AA870061ED41 /* Build configuration list for PBXProject "Noticia" */ = {
			isa = XCConfigurationList;
			buildConfigurations = (
				8ACB98A927F4AA900061ED41 /* Debug */,
				8ACB98AA27F4AA900061ED41 /* Release */,
			);
			defaultConfigurationIsVisible = 0;
			defaultConfigurationName = Release;
		};
		8ACB98AB27F4AA900061ED41 /* Build configuration list for PBXNativeTarget "Noticia" */ = {
			isa = XCConfigurationList;
			buildConfigurations = (
				8ACB98AC27F4AA900061ED41 /* Debug */,
				8ACB98AD27F4AA900061ED41 /* Release */,
			);
			defaultConfigurationIsVisible = 0;
			defaultConfigurationName = Release;
		};
/* End XCConfigurationList section */
	};
	rootObject = 8ACB988F27F4AA870061ED41 /* Project object */;
}
